{
  "version": "3",
  "remote": {
    "https://edge.netlify.com/": "ff84a16f192fdb43db8b9dff869889f555c05857d075044d2a7cfa54c283a0a0",
    "https://edge.netlify.com/bootstrap/config.ts": "0aa0a225d978b89e0e62cbd853701605199e7a84095e55eeb70147faf1a24803",
    "https://edge.netlify.com/bootstrap/context.ts": "8f99269eeeeccf9b852e6089cc648c962a0ea20b2198b8b38b38e3b2ce2b9143",
    "https://edge.netlify.com/bootstrap/cookie.ts": "8b0baae708989ca183c6f3b4ab3d029e6abcbc2e43f93edeb0ff447b3bbc3a05",
    "https://edge.netlify.com/bootstrap/edge_function.ts": "b8253e86aa83c67341f5cfedeba5049d77fbf84dcab7eceff7566b7728ae9b39",
    "https://edge.netlify.com/bootstrap/globals.ts": "38f9e0be6c2c78206bf14d2387d41964d38bbe81644b3668e203c6f6473408a7"
  },
  "workspace": {
    "packageJson": {
      "dependencies": [
        "npm:@astrojs/netlify@2.3.0",
        "npm:@astrojs/node@^5.3.0",
        "npm:@astrojs/solid-js@^2.2.0",
        "npm:@astrojs/vercel@^3.5.0",
        "npm:@evan-yang/eslint-config@^1.0.9",
        "npm:@iconify-json/carbon@^1.1.18",
        "npm:@types/markdown-it@^12.2.3",
        "npm:@typescript-eslint/parser@^5.60.0",
        "npm:@vercel/kv@^0.2.2",
        "npm:@vite-pwa/astro@^0.1.1",
        "npm:astro@^2.7.0",
        "npm:eslint-plugin-astro@^0.27.1",
        "npm:eslint@^8.43.0",
        "npm:eventsource-parser@^1.0.0",
        "npm:geoip-lite@^1.4.7",
        "npm:highlight.js@^11.8.0",
        "npm:js-sha256@^0.9.0",
        "npm:katex@^0.16.7",
        "npm:markdown-it-highlightjs@^4.0.1",
        "npm:markdown-it-katex@^2.0.3",
        "npm:markdown-it@^13.0.1",
        "npm:punycode@^2.3.0",
        "npm:solid-js@1.7.6",
        "npm:solidjs-use@^2.1.0",
        "npm:undici@^5.22.1",
        "npm:unocss@^0.50.8"
      ]
    }
  }
}
